
Microsoft Visual Studio Solution File, Format Version 12.00
# Visual Studio Version 17
VisualStudioVersion = 17.0.31903.59
MinimumVisualStudioVersion = 10.0.40219.1
Project("{2150E333-8FDC-42A3-9474-1A3956D46DE8}") = "src", "src", "{827E0CD3-B72D-47B6-A68D-7590B98EB39B}"
EndProject
Project("{2150E333-8FDC-42A3-9474-1A3956D46DE8}") = "YASS.Shared", "YASS.Shared", "{A2E68B83-3DBD-08AD-0034-64A056CD7D32}"
EndProject
Project("{FAE04EC0-301F-11D3-BF4B-00C04F79EFBC}") = "YASS.Shared", "src\YASS.Shared\YASS.Shared.csproj", "{BB2F065D-551A-4248-B2AF-6E2E430800E0}"
EndProject
Project("{2150E333-8FDC-42A3-9474-1A3956D46DE8}") = "YASS.Client.Core", "YASS.Client.Core", "{F673E731-C9B9-DECC-2CCA-3FD85DF73E92}"
EndProject
Project("{FAE04EC0-301F-11D3-BF4B-00C04F79EFBC}") = "YASS.Client.Core", "src\YASS.Client.Core\YASS.Client.Core.csproj", "{CDC184BB-4AB9-4A82-8EDB-F5ED4F54822B}"
EndProject
Project("{2150E333-8FDC-42A3-9474-1A3956D46DE8}") = "YASS.Client.Desktop", "YASS.Client.Desktop", "{C9744CE8-77DF-B63F-6405-4CC4ECA326E9}"
EndProject
Project("{FAE04EC0-301F-11D3-BF4B-00C04F79EFBC}") = "YASS.Client.Desktop", "src\YASS.Client.Desktop\YASS.Client.Desktop.csproj", "{324B2F55-2E2A-4EA9-9D69-3204F30C2A57}"
EndProject
Project("{2150E333-8FDC-42A3-9474-1A3956D46DE8}") = "YASS.Server.Api", "YASS.Server.Api", "{9F0764A7-A5A2-4CCB-F9A1-FF9BCC8B5493}"
EndProject
Project("{FAE04EC0-301F-11D3-BF4B-00C04F79EFBC}") = "YASS.Server.Api", "src\YASS.Server.Api\YASS.Server.Api.csproj", "{E469D39E-3A98-4988-94ED-5870B04A7304}"
EndProject
Project("{2150E333-8FDC-42A3-9474-1A3956D46DE8}") = "YASS.Web", "YASS.Web", "{5B221506-A26B-ABBB-8591-8C3D6401E584}"
EndProject
Project("{FAE04EC0-301F-11D3-BF4B-00C04F79EFBC}") = "YASS.Web", "src\YASS.Web\YASS.Web.csproj", "{7627346D-F4AD-4217-B308-320BC91F3D93}"
EndProject
Global
	GlobalSection(SolutionConfigurationPlatforms) = preSolution
		Debug|Any CPU = Debug|Any CPU
		Debug|x64 = Debug|x64
		Debug|x86 = Debug|x86
		Release|Any CPU = Release|Any CPU
		Release|x64 = Release|x64
		Release|x86 = Release|x86
	EndGlobalSection
	GlobalSection(ProjectConfigurationPlatforms) = postSolution
		{BB2F065D-551A-4248-B2AF-6E2E430800E0}.Debug|Any CPU.ActiveCfg = Debug|Any CPU
		{BB2F065D-551A-4248-B2AF-6E2E430800E0}.Debug|Any CPU.Build.0 = Debug|Any CPU
		{BB2F065D-551A-4248-B2AF-6E2E430800E0}.Debug|x64.ActiveCfg = Debug|Any CPU
		{BB2F065D-551A-4248-B2AF-6E2E430800E0}.Debug|x64.Build.0 = Debug|Any CPU
		{BB2F065D-551A-4248-B2AF-6E2E430800E0}.Debug|x86.ActiveCfg = Debug|Any CPU
		{BB2F065D-551A-4248-B2AF-6E2E430800E0}.Debug|x86.Build.0 = Debug|Any CPU
		{BB2F065D-551A-4248-B2AF-6E2E430800E0}.Release|Any CPU.ActiveCfg = Release|Any CPU
		{BB2F065D-551A-4248-B2AF-6E2E430800E0}.Release|Any CPU.Build.0 = Release|Any CPU
		{BB2F065D-551A-4248-B2AF-6E2E430800E0}.Release|x64.ActiveCfg = Release|Any CPU
		{BB2F065D-551A-4248-B2AF-6E2E430800E0}.Release|x64.Build.0 = Release|Any CPU
		{BB2F065D-551A-4248-B2AF-6E2E430800E0}.Release|x86.ActiveCfg = Release|Any CPU
		{BB2F065D-551A-4248-B2AF-6E2E430800E0}.Release|x86.Build.0 = Release|Any CPU
		{CDC184BB-4AB9-4A82-8EDB-F5ED4F54822B}.Debug|Any CPU.ActiveCfg = Debug|Any CPU
		{CDC184BB-4AB9-4A82-8EDB-F5ED4F54822B}.Debug|Any CPU.Build.0 = Debug|Any CPU
		{CDC184BB-4AB9-4A82-8EDB-F5ED4F54822B}.Debug|x64.ActiveCfg = Debug|Any CPU
		{CDC184BB-4AB9-4A82-8EDB-F5ED4F54822B}.Debug|x64.Build.0 = Debug|Any CPU
		{CDC184BB-4AB9-4A82-8EDB-F5ED4F54822B}.Debug|x86.ActiveCfg = Debug|Any CPU
		{CDC184BB-4AB9-4A82-8EDB-F5ED4F54822B}.Debug|x86.Build.0 = Debug|Any CPU
		{CDC184BB-4AB9-4A82-8EDB-F5ED4F54822B}.Release|Any CPU.ActiveCfg = Release|Any CPU
		{CDC184BB-4AB9-4A82-8EDB-F5ED4F54822B}.Release|Any CPU.Build.0 = Release|Any CPU
		{CDC184BB-4AB9-4A82-8EDB-F5ED4F54822B}.Release|x64.ActiveCfg = Release|Any CPU
		{CDC184BB-4AB9-4A82-8EDB-F5ED4F54822B}.Release|x64.Build.0 = Release|Any CPU
		{CDC184BB-4AB9-4A82-8EDB-F5ED4F54822B}.Release|x86.ActiveCfg = Release|Any CPU
		{CDC184BB-4AB9-4A82-8EDB-F5ED4F54822B}.Release|x86.Build.0 = Release|Any CPU
		{324B2F55-2E2A-4EA9-9D69-3204F30C2A57}.Debug|Any CPU.ActiveCfg = Debug|Any CPU
		{324B2F55-2E2A-4EA9-9D69-3204F30C2A57}.Debug|Any CPU.Build.0 = Debug|Any CPU
		{324B2F55-2E2A-4EA9-9D69-3204F30C2A57}.Debug|x64.ActiveCfg = Debug|Any CPU
		{324B2F55-2E2A-4EA9-9D69-3204F30C2A57}.Debug|x64.Build.0 = Debug|Any CPU
		{324B2F55-2E2A-4EA9-9D69-3204F30C2A57}.Debug|x86.ActiveCfg = Debug|Any CPU
		{324B2F55-2E2A-4EA9-9D69-3204F30C2A57}.Debug|x86.Build.0 = Debug|Any CPU
		{324B2F55-2E2A-4EA9-9D69-3204F30C2A57}.Release|Any CPU.ActiveCfg = Release|Any CPU
		{324B2F55-2E2A-4EA9-9D69-3204F30C2A57}.Release|Any CPU.Build.0 = Release|Any CPU
		{324B2F55-2E2A-4EA9-9D69-3204F30C2A57}.Release|x64.ActiveCfg = Release|Any CPU
		{324B2F55-2E2A-4EA9-9D69-3204F30C2A57}.Release|x64.Build.0 = Release|Any CPU
		{324B2F55-2E2A-4EA9-9D69-3204F30C2A57}.Release|x86.ActiveCfg = Release|Any CPU
		{324B2F55-2E2A-4EA9-9D69-3204F30C2A57}.Release|x86.Build.0 = Release|Any CPU
		{E469D39E-3A98-4988-94ED-5870B04A7304}.Debug|Any CPU.ActiveCfg = Debug|Any CPU
		{E469D39E-3A98-4988-94ED-5870B04A7304}.Debug|Any CPU.Build.0 = Debug|Any CPU
		{E469D39E-3A98-4988-94ED-5870B04A7304}.Debug|x64.ActiveCfg = Debug|Any CPU
		{E469D39E-3A98-4988-94ED-5870B04A7304}.Debug|x64.Build.0 = Debug|Any CPU
		{E469D39E-3A98-4988-94ED-5870B04A7304}.Debug|x86.ActiveCfg = Debug|Any CPU
		{E469D39E-3A98-4988-94ED-5870B04A7304}.Debug|x86.Build.0 = Debug|Any CPU
		{E469D39E-3A98-4988-94ED-5870B04A7304}.Release|Any CPU.ActiveCfg = Release|Any CPU
		{E469D39E-3A98-4988-94ED-5870B04A7304}.Release|Any CPU.Build.0 = Release|Any CPU
		{E469D39E-3A98-4988-94ED-5870B04A7304}.Release|x64.ActiveCfg = Release|Any CPU
		{E469D39E-3A98-4988-94ED-5870B04A7304}.Release|x64.Build.0 = Release|Any CPU
		{E469D39E-3A98-4988-94ED-5870B04A7304}.Release|x86.ActiveCfg = Release|Any CPU
		{E469D39E-3A98-4988-94ED-5870B04A7304}.Release|x86.Build.0 = Release|Any CPU
		{7627346D-F4AD-4217-B308-320BC91F3D93}.Debug|Any CPU.ActiveCfg = Debug|Any CPU
		{7627346D-F4AD-4217-B308-320BC91F3D93}.Debug|Any CPU.Build.0 = Debug|Any CPU
		{7627346D-F4AD-4217-B308-320BC91F3D93}.Debug|x64.ActiveCfg = Debug|Any CPU
		{7627346D-F4AD-4217-B308-320BC91F3D93}.Debug|x64.Build.0 = Debug|Any CPU
		{7627346D-F4AD-4217-B308-320BC91F3D93}.Debug|x86.ActiveCfg = Debug|Any CPU
		{7627346D-F4AD-4217-B308-320BC91F3D93}.Debug|x86.Build.0 = Debug|Any CPU
		{7627346D-F4AD-4217-B308-320BC91F3D93}.Release|Any CPU.ActiveCfg = Release|Any CPU
		{7627346D-F4AD-4217-B308-320BC91F3D93}.Release|Any CPU.Build.0 = Release|Any CPU
		{7627346D-F4AD-4217-B308-320BC91F3D93}.Release|x64.ActiveCfg = Release|Any CPU
		{7627346D-F4AD-4217-B308-320BC91F3D93}.Release|x64.Build.0 = Release|Any CPU
		{7627346D-F4AD-4217-B308-320BC91F3D93}.Release|x86.ActiveCfg = Release|Any CPU
		{7627346D-F4AD-4217-B308-320BC91F3D93}.Release|x86.Build.0 = Release|Any CPU
	EndGlobalSection
	GlobalSection(SolutionProperties) = preSolution
		HideSolutionNode = FALSE
	EndGlobalSection
	GlobalSection(NestedProjects) = preSolution
		{A2E68B83-3DBD-08AD-0034-64A056CD7D32} = {827E0CD3-B72D-47B6-A68D-7590B98EB39B}
		{BB2F065D-551A-4248-B2AF-6E2E430800E0} = {A2E68B83-3DBD-08AD-0034-64A056CD7D32}
		{F673E731-C9B9-DECC-2CCA-3FD85DF73E92} = {827E0CD3-B72D-47B6-A68D-7590B98EB39B}
		{CDC184BB-4AB9-4A82-8EDB-F5ED4F54822B} = {F673E731-C9B9-DECC-2CCA-3FD85DF73E92}
		{C9744CE8-77DF-B63F-6405-4CC4ECA326E9} = {827E0CD3-B72D-47B6-A68D-7590B98EB39B}
		{324B2F55-2E2A-4EA9-9D69-3204F30C2A57} = {C9744CE8-77DF-B63F-6405-4CC4ECA326E9}
		{9F0764A7-A5A2-4CCB-F9A1-FF9BCC8B5493} = {827E0CD3-B72D-47B6-A68D-7590B98EB39B}
		{E469D39E-3A98-4988-94ED-5870B04A7304} = {9F0764A7-A5A2-4CCB-F9A1-FF9BCC8B5493}
		{5B221506-A26B-ABBB-8591-8C3D6401E584} = {827E0CD3-B72D-47B6-A68D-7590B98EB39B}
		{7627346D-F4AD-4217-B308-320BC91F3D93} = {5B221506-A26B-ABBB-8591-8C3D6401E584}
	EndGlobalSection
EndGlobal
